
Microsoft Visual Studio Solution File, Format Version 12.00
# Visual Studio Version 17
VisualStudioVersion = 17.0.31710.8
MinimumVisualStudioVersion = 10.0.40219.1
Project("{FAE04EC0-301F-11D3-BF4B-00C04F79EFBC}") = "Demo", "Demo\Demo.csproj", "{FFCACF49-D580-4330-85C1-4C100E315952}"
EndProject
Project("{FAE04EC0-301F-11D3-BF4B-00C04F79EFBC}") = "Demo.Tests", "Demo.Tests\Demo.Tests.csproj", "{2AAC17E0-4970-4485-B4F5-F00F0AE8F07C}"
EndProject
Global
	GlobalSection(SolutionConfigurationPlatforms) = preSolution
		Debug|Any CPU = Debug|Any CPU
		Release|Any CPU = Release|Any CPU
	EndGlobalSection
	GlobalSection(ProjectConfigurationPlatforms) = postSolution
		{FFCACF49-D580-4330-85C1-4C100E315952}.Debug|Any CPU.ActiveCfg = Debug|Any CPU
		{FFCACF49-D580-4330-85C1-4C100E315952}.Debug|Any CPU.Build.0 = Debug|Any CPU
		{FFCACF49-D580-4330-85C1-4C100E315952}.Release|Any CPU.ActiveCfg = Release|Any CPU
		{FFCACF49-D580-4330-85C1-4C100E315952}.Release|Any CPU.Build.0 = Release|Any CPU
		{2AAC17E0-4970-4485-B4F5-F00F0AE8F07C}.Debug|Any CPU.ActiveCfg = Debug|Any CPU
		{2AAC17E0-4970-4485-B4F5-F00F0AE8F07C}.Debug|Any CPU.Build.0 = Debug|Any CPU
		{2AAC17E0-4970-4485-B4F5-F00F0AE8F07C}.Release|Any CPU.ActiveCfg = Release|Any CPU
		{2AAC17E0-4970-4485-B4F5-F00F0AE8F07C}.Release|Any CPU.Build.0 = Release|Any CPU
	EndGlobalSection
	GlobalSection(SolutionProperties) = preSolution
		HideSolutionNode = FALSE
	EndGlobalSection
	GlobalSection(ExtensibilityGlobals) = postSolution
		SolutionGuid = {975E77AD-2A2D-4425-B406-50B1CB468657}
	EndGlobalSection
EndGlobal
